<Solution>
  <Folder Name="/src/">
    <Project Path="src/Trax.Core/Trax.Core.csproj" />
  </Folder>
  <Folder Name="/src/analyzers/">
    <Project Path="src/Trax.Core.Analyzers/Trax.Core.Analyzers.csproj" />
  </Folder>
  <Folder Name="/tests/">
    <Project Path="tests/Trax.Core.Tests/Trax.Core.Tests.csproj" />
    <Project Path="tests/Trax.Core.Tests.Unit/Trax.Core.Tests.Unit.csproj" />
    <Project Path="tests/Trax.Core.Tests.Integration/Trax.Core.Tests.Integration.csproj" />
    <Project Path="tests/Trax.Core.Tests.Analyzers/Trax.Core.Tests.Analyzers.csproj" />
  </Folder>
</Solution>
